# This file is autogenerated, do not edit; changes may be undone by the next 'dep ensure'.


[[projects]]
  branch = "master"
  name = "github.com/lib/pq"
  packages = [
    ".",
    "oid"
  ]
  revision = "27ea5d92de30060e7121ddd543fe14e9a327e0cc"

[solve-meta]
  analyzer-name = "dep"
  analyzer-version = 1
  inputs-digest = "3c7be0edaaa1e9d38ace3caad0b574ae7cda2040cc6ad69674b9c7e7dfcb3d2c"
  solver-name = "gps-cdcl"
  solver-version = 1
